
Microsoft Visual Studio Solution File, Format Version 12.00
# Visual Studio Version 17
VisualStudioVersion = 17.2.32616.157
MinimumVisualStudioVersion = 10.0.40219.1
Project("{9A19103F-16F7-4668-BE54-9A1E7A4F7556}") = "AnimalService", "Baseinfo\AnimalService.csproj", "{8E6F5D28-FF80-41D0-A666-D5C27A02ACBD}"
EndProject
Project("{FAE04EC0-301F-11D3-BF4B-00C04F79EFBC}") = "AnimalServiceTest", "AnimalServiceTest\AnimalServiceTest.csproj", "{247406CB-75FB-4D0D-B971-40C3577E060B}"
EndProject
Global
	GlobalSection(SolutionConfigurationPlatforms) = preSolution
		Debug|Any CPU = Debug|Any CPU
		Release|Any CPU = Release|Any CPU
	EndGlobalSection
	GlobalSection(ProjectConfigurationPlatforms) = postSolution
		{8E6F5D28-FF80-41D0-A666-D5C27A02ACBD}.Debug|Any CPU.ActiveCfg = Debug|Any CPU
		{8E6F5D28-FF80-41D0-A666-D5C27A02ACBD}.Debug|Any CPU.Build.0 = Debug|Any CPU
		{8E6F5D28-FF80-41D0-A666-D5C27A02ACBD}.Release|Any CPU.ActiveCfg = Release|Any CPU
		{8E6F5D28-FF80-41D0-A666-D5C27A02ACBD}.Release|Any CPU.Build.0 = Release|Any CPU
		{247406CB-75FB-4D0D-B971-40C3577E060B}.Debug|Any CPU.ActiveCfg = Debug|Any CPU
		{247406CB-75FB-4D0D-B971-40C3577E060B}.Debug|Any CPU.Build.0 = Debug|Any CPU
		{247406CB-75FB-4D0D-B971-40C3577E060B}.Release|Any CPU.ActiveCfg = Release|Any CPU
		{247406CB-75FB-4D0D-B971-40C3577E060B}.Release|Any CPU.Build.0 = Release|Any CPU
	EndGlobalSection
	GlobalSection(SolutionProperties) = preSolution
		HideSolutionNode = FALSE
	EndGlobalSection
	GlobalSection(ExtensibilityGlobals) = postSolution
		SolutionGuid = {4A5B273B-7EA4-49F5-B696-F953756844C7}
	EndGlobalSection
EndGlobal
